
Microsoft Visual Studio Solution File, Format Version 12.00
# Visual Studio Version 17
VisualStudioVersion = 17.2.32616.157
MinimumVisualStudioVersion = 10.0.40219.1
Project("{2150E333-8FDC-42A3-9474-1A3956D46DE8}") = "ShopManagement", "ShopManagement", "{0643E011-A861-42D4-88D2-2A7E9086BC2D}"
EndProject
Project("{2150E333-8FDC-42A3-9474-1A3956D46DE8}") = "SM.Domain", "SM.Domain", "{23776645-E522-4AE1-AF9D-5A1BEA4F4409}"
EndProject
Project("{2150E333-8FDC-42A3-9474-1A3956D46DE8}") = "SM.Application", "SM.Application", "{B1CE1922-4038-4668-93AA-7050E2A42AAD}"
EndProject
Project("{2150E333-8FDC-42A3-9474-1A3956D46DE8}") = "SM.Infrastructure", "SM.Infrastructure", "{4E911549-93A3-4369-9B8C-E0408D48D39A}"
EndProject
Project("{9A19103F-16F7-4668-BE54-9A1E7A4F7556}") = "ShopManagement.Domain", "ShopManagement.Domain\ShopManagement.Domain.csproj", "{C747ABCD-308C-4E3F-BE70-CB6B3E0ACCF4}"
EndProject
Project("{9A19103F-16F7-4668-BE54-9A1E7A4F7556}") = "0_Framework", "0_Framework\0_Framework.csproj", "{91436A73-8F9A-4F6D-83BD-7BEDB2C6CA8E}"
EndProject
Project("{9A19103F-16F7-4668-BE54-9A1E7A4F7556}") = "ShopManagement.Infrastructure.EFCore", "ShopManagement.Infrastructure.EFCore\ShopManagement.Infrastructure.EFCore.csproj", "{E3FEB9D6-5225-4C78-8CA9-3043FE4409DA}"
EndProject
Project("{9A19103F-16F7-4668-BE54-9A1E7A4F7556}") = "ShopManagement.Application.Contracts", "ShopManagement.Application.Contracts\ShopManagement.Application.Contracts.csproj", "{199CEB60-A464-48D0-BF3E-0905D5CD6390}"
EndProject
Project("{9A19103F-16F7-4668-BE54-9A1E7A4F7556}") = "ShopManagement.Application", "ShopManagement.Application\ShopManagement.Application.csproj", "{406F42DD-423B-4917-A556-7CFA58653222}"
EndProject
Project("{9A19103F-16F7-4668-BE54-9A1E7A4F7556}") = "ServiceHost", "ServiceHost\ServiceHost.csproj", "{14523E66-8ADD-4F82-810F-D76EF47A2932}"
EndProject
Project("{9A19103F-16F7-4668-BE54-9A1E7A4F7556}") = "ShopManagement.Infrastructure.Configuration", "ShopManagement.Infrastructure.Configuration\ShopManagement.Infrastructure.Configuration.csproj", "{A8279F0B-4C4F-4771-A3FD-C453A3E5985D}"
EndProject
Project("{2150E333-8FDC-42A3-9474-1A3956D46DE8}") = "DiscountManagement", "DiscountManagement", "{651CCA7F-9AD8-4C01-8C1C-0BB18CE029F8}"
EndProject
Project("{2150E333-8FDC-42A3-9474-1A3956D46DE8}") = "DM.Domain", "DM.Domain", "{8C714FF9-A6EC-4513-9BED-22B0A4F6C7EA}"
EndProject
Project("{2150E333-8FDC-42A3-9474-1A3956D46DE8}") = "DM.Application", "DM.Application", "{79DB1BFD-EE60-46E1-BF87-C6D53AE109A9}"
EndProject
Project("{2150E333-8FDC-42A3-9474-1A3956D46DE8}") = "DM.Infrastructure", "DM.Infrastructure", "{AF950836-1FD4-4898-85CF-B7C9A262A721}"
EndProject
Project("{9A19103F-16F7-4668-BE54-9A1E7A4F7556}") = "DiscountManagement.Domain", "DiscountManagement.Domain\DiscountManagement.Domain.csproj", "{5F60AA00-DD45-4F79-9F30-4464DEB64DD1}"
EndProject
Project("{9A19103F-16F7-4668-BE54-9A1E7A4F7556}") = "DiscountManagement.Application", "DiscountManagement.Application\DiscountManagement.Application.csproj", "{BE15503A-D267-4F6A-89EB-B1EB53AC51CB}"
EndProject
Project("{9A19103F-16F7-4668-BE54-9A1E7A4F7556}") = "DiscountManagement.Application.Contracts", "DiscountManagement.Application.Contracts\DiscountManagement.Application.Contracts.csproj", "{70658E0D-436F-4424-854C-9A4273749275}"
EndProject
Project("{9A19103F-16F7-4668-BE54-9A1E7A4F7556}") = "DiscountManagement.Infrastructure.EFCore", "DiscountManagement.Infrastructure.EFCore\DiscountManagement.Infrastructure.EFCore.csproj", "{F9A02B3E-B66C-415A-B93B-75BA322A6F5C}"
EndProject
Project("{9A19103F-16F7-4668-BE54-9A1E7A4F7556}") = "DiscountManagement.Infrastructure.Configuration", "DiscountManagement.Infrastructure.Configuration\DiscountManagement.Infrastructure.Configuration.csproj", "{223ACB00-CD36-4C33-8496-08031EB92A77}"
EndProject
Project("{2150E333-8FDC-42A3-9474-1A3956D46DE8}") = "InventoryManagement", "InventoryManagement", "{485AFAFD-8AC2-490B-BBC1-85C9DAEC7BBA}"
EndProject
Project("{2150E333-8FDC-42A3-9474-1A3956D46DE8}") = "IM.Domain", "IM.Domain", "{2E7B4895-069C-41D7-960B-8F2B22A68782}"
EndProject
Project("{2150E333-8FDC-42A3-9474-1A3956D46DE8}") = "IM.Application", "IM.Application", "{A4060A0F-6AE0-4086-B2FE-C1A1A5CB32AB}"
EndProject
Project("{2150E333-8FDC-42A3-9474-1A3956D46DE8}") = "IM.Infrastructure", "IM.Infrastructure", "{0CA0E766-45FD-4760-80CD-E832738B674C}"
EndProject
Project("{FAE04EC0-301F-11D3-BF4B-00C04F79EFBC}") = "InventoryManagement.Domain", "InventoryManagement.Domain\InventoryManagement.Domain.csproj", "{5C652767-8F57-40F2-A650-18E16D05AD6D}"
EndProject
Project("{FAE04EC0-301F-11D3-BF4B-00C04F79EFBC}") = "InventoryManagement.Application", "InventoryManagement.Application\InventoryManagement.Application.csproj", "{09C2A2DC-52A9-4D0B-B6A0-A79B8797BE7E}"
EndProject
Project("{FAE04EC0-301F-11D3-BF4B-00C04F79EFBC}") = "InventoryManagement.Application.Contracts", "InventoryManagement.Application.Contracts\InventoryManagement.Application.Contracts.csproj", "{966421E1-9034-4420-B828-75F6EB88C47C}"
EndProject
Project("{FAE04EC0-301F-11D3-BF4B-00C04F79EFBC}") = "InventoryManagement.Infrastructure.EFCore", "InventoryManagement.Infrastructure.EFCore\InventoryManagement.Infrastructure.EFCore.csproj", "{E02A2589-04FF-480D-BB13-A30C1145F7E0}"
EndProject
Project("{FAE04EC0-301F-11D3-BF4B-00C04F79EFBC}") = "InventoryManagement.Infrastructure.Configuration", "InventoryManagement.Infrastructure.Configuration\InventoryManagement.Infrastructure.Configuration.csproj", "{AB785759-3AB4-452D-94C4-5D45D61C8B11}"
EndProject
Global
	GlobalSection(SolutionConfigurationPlatforms) = preSolution
		Debug|Any CPU = Debug|Any CPU
		Release|Any CPU = Release|Any CPU
	EndGlobalSection
	GlobalSection(ProjectConfigurationPlatforms) = postSolution
		{C747ABCD-308C-4E3F-BE70-CB6B3E0ACCF4}.Debug|Any CPU.ActiveCfg = Debug|Any CPU
		{C747ABCD-308C-4E3F-BE70-CB6B3E0ACCF4}.Debug|Any CPU.Build.0 = Debug|Any CPU
		{C747ABCD-308C-4E3F-BE70-CB6B3E0ACCF4}.Release|Any CPU.ActiveCfg = Release|Any CPU
		{C747ABCD-308C-4E3F-BE70-CB6B3E0ACCF4}.Release|Any CPU.Build.0 = Release|Any CPU
		{91436A73-8F9A-4F6D-83BD-7BEDB2C6CA8E}.Debug|Any CPU.ActiveCfg = Debug|Any CPU
		{91436A73-8F9A-4F6D-83BD-7BEDB2C6CA8E}.Debug|Any CPU.Build.0 = Debug|Any CPU
		{91436A73-8F9A-4F6D-83BD-7BEDB2C6CA8E}.Release|Any CPU.ActiveCfg = Release|Any CPU
		{91436A73-8F9A-4F6D-83BD-7BEDB2C6CA8E}.Release|Any CPU.Build.0 = Release|Any CPU
		{E3FEB9D6-5225-4C78-8CA9-3043FE4409DA}.Debug|Any CPU.ActiveCfg = Debug|Any CPU
		{E3FEB9D6-5225-4C78-8CA9-3043FE4409DA}.Debug|Any CPU.Build.0 = Debug|Any CPU
		{E3FEB9D6-5225-4C78-8CA9-3043FE4409DA}.Release|Any CPU.ActiveCfg = Release|Any CPU
		{E3FEB9D6-5225-4C78-8CA9-3043FE4409DA}.Release|Any CPU.Build.0 = Release|Any CPU
		{199CEB60-A464-48D0-BF3E-0905D5CD6390}.Debug|Any CPU.ActiveCfg = Debug|Any CPU
		{199CEB60-A464-48D0-BF3E-0905D5CD6390}.Debug|Any CPU.Build.0 = Debug|Any CPU
		{199CEB60-A464-48D0-BF3E-0905D5CD6390}.Release|Any CPU.ActiveCfg = Release|Any CPU
		{199CEB60-A464-48D0-BF3E-0905D5CD6390}.Release|Any CPU.Build.0 = Release|Any CPU
		{406F42DD-423B-4917-A556-7CFA58653222}.Debug|Any CPU.ActiveCfg = Debug|Any CPU
		{406F42DD-423B-4917-A556-7CFA58653222}.Debug|Any CPU.Build.0 = Debug|Any CPU
		{406F42DD-423B-4917-A556-7CFA58653222}.Release|Any CPU.ActiveCfg = Release|Any CPU
		{406F42DD-423B-4917-A556-7CFA58653222}.Release|Any CPU.Build.0 = Release|Any CPU
		{14523E66-8ADD-4F82-810F-D76EF47A2932}.Debug|Any CPU.ActiveCfg = Debug|Any CPU
		{14523E66-8ADD-4F82-810F-D76EF47A2932}.Debug|Any CPU.Build.0 = Debug|Any CPU
		{14523E66-8ADD-4F82-810F-D76EF47A2932}.Release|Any CPU.ActiveCfg = Release|Any CPU
		{14523E66-8ADD-4F82-810F-D76EF47A2932}.Release|Any CPU.Build.0 = Release|Any CPU
		{A8279F0B-4C4F-4771-A3FD-C453A3E5985D}.Debug|Any CPU.ActiveCfg = Debug|Any CPU
		{A8279F0B-4C4F-4771-A3FD-C453A3E5985D}.Debug|Any CPU.Build.0 = Debug|Any CPU
		{A8279F0B-4C4F-4771-A3FD-C453A3E5985D}.Release|Any CPU.ActiveCfg = Release|Any CPU
		{A8279F0B-4C4F-4771-A3FD-C453A3E5985D}.Release|Any CPU.Build.0 = Release|Any CPU
		{5F60AA00-DD45-4F79-9F30-4464DEB64DD1}.Debug|Any CPU.ActiveCfg = Debug|Any CPU
		{5F60AA00-DD45-4F79-9F30-4464DEB64DD1}.Debug|Any CPU.Build.0 = Debug|Any CPU
		{5F60AA00-DD45-4F79-9F30-4464DEB64DD1}.Release|Any CPU.ActiveCfg = Release|Any CPU
		{5F60AA00-DD45-4F79-9F30-4464DEB64DD1}.Release|Any CPU.Build.0 = Release|Any CPU
		{BE15503A-D267-4F6A-89EB-B1EB53AC51CB}.Debug|Any CPU.ActiveCfg = Debug|Any CPU
		{BE15503A-D267-4F6A-89EB-B1EB53AC51CB}.Debug|Any CPU.Build.0 = Debug|Any CPU
		{BE15503A-D267-4F6A-89EB-B1EB53AC51CB}.Release|Any CPU.ActiveCfg = Release|Any CPU
		{BE15503A-D267-4F6A-89EB-B1EB53AC51CB}.Release|Any CPU.Build.0 = Release|Any CPU
		{70658E0D-436F-4424-854C-9A4273749275}.Debug|Any CPU.ActiveCfg = Debug|Any CPU
		{70658E0D-436F-4424-854C-9A4273749275}.Debug|Any CPU.Build.0 = Debug|Any CPU
		{70658E0D-436F-4424-854C-9A4273749275}.Release|Any CPU.ActiveCfg = Release|Any CPU
		{70658E0D-436F-4424-854C-9A4273749275}.Release|Any CPU.Build.0 = Release|Any CPU
		{F9A02B3E-B66C-415A-B93B-75BA322A6F5C}.Debug|Any CPU.ActiveCfg = Debug|Any CPU
		{F9A02B3E-B66C-415A-B93B-75BA322A6F5C}.Debug|Any CPU.Build.0 = Debug|Any CPU
		{F9A02B3E-B66C-415A-B93B-75BA322A6F5C}.Release|Any CPU.ActiveCfg = Release|Any CPU
		{F9A02B3E-B66C-415A-B93B-75BA322A6F5C}.Release|Any CPU.Build.0 = Release|Any CPU
		{223ACB00-CD36-4C33-8496-08031EB92A77}.Debug|Any CPU.ActiveCfg = Debug|Any CPU
		{223ACB00-CD36-4C33-8496-08031EB92A77}.Debug|Any CPU.Build.0 = Debug|Any CPU
		{223ACB00-CD36-4C33-8496-08031EB92A77}.Release|Any CPU.ActiveCfg = Release|Any CPU
		{223ACB00-CD36-4C33-8496-08031EB92A77}.Release|Any CPU.Build.0 = Release|Any CPU
		{5C652767-8F57-40F2-A650-18E16D05AD6D}.Debug|Any CPU.ActiveCfg = Debug|Any CPU
		{5C652767-8F57-40F2-A650-18E16D05AD6D}.Debug|Any CPU.Build.0 = Debug|Any CPU
		{5C652767-8F57-40F2-A650-18E16D05AD6D}.Release|Any CPU.ActiveCfg = Release|Any CPU
		{5C652767-8F57-40F2-A650-18E16D05AD6D}.Release|Any CPU.Build.0 = Release|Any CPU
		{09C2A2DC-52A9-4D0B-B6A0-A79B8797BE7E}.Debug|Any CPU.ActiveCfg = Debug|Any CPU
		{09C2A2DC-52A9-4D0B-B6A0-A79B8797BE7E}.Debug|Any CPU.Build.0 = Debug|Any CPU
		{09C2A2DC-52A9-4D0B-B6A0-A79B8797BE7E}.Release|Any CPU.ActiveCfg = Release|Any CPU
		{09C2A2DC-52A9-4D0B-B6A0-A79B8797BE7E}.Release|Any CPU.Build.0 = Release|Any CPU
		{966421E1-9034-4420-B828-75F6EB88C47C}.Debug|Any CPU.ActiveCfg = Debug|Any CPU
		{966421E1-9034-4420-B828-75F6EB88C47C}.Debug|Any CPU.Build.0 = Debug|Any CPU
		{966421E1-9034-4420-B828-75F6EB88C47C}.Release|Any CPU.ActiveCfg = Release|Any CPU
		{966421E1-9034-4420-B828-75F6EB88C47C}.Release|Any CPU.Build.0 = Release|Any CPU
		{E02A2589-04FF-480D-BB13-A30C1145F7E0}.Debug|Any CPU.ActiveCfg = Debug|Any CPU
		{E02A2589-04FF-480D-BB13-A30C1145F7E0}.Debug|Any CPU.Build.0 = Debug|Any CPU
		{E02A2589-04FF-480D-BB13-A30C1145F7E0}.Release|Any CPU.ActiveCfg = Release|Any CPU
		{E02A2589-04FF-480D-BB13-A30C1145F7E0}.Release|Any CPU.Build.0 = Release|Any CPU
		{AB785759-3AB4-452D-94C4-5D45D61C8B11}.Debug|Any CPU.ActiveCfg = Debug|Any CPU
		{AB785759-3AB4-452D-94C4-5D45D61C8B11}.Debug|Any CPU.Build.0 = Debug|Any CPU
		{AB785759-3AB4-452D-94C4-5D45D61C8B11}.Release|Any CPU.ActiveCfg = Release|Any CPU
		{AB785759-3AB4-452D-94C4-5D45D61C8B11}.Release|Any CPU.Build.0 = Release|Any CPU
	EndGlobalSection
	GlobalSection(SolutionProperties) = preSolution
		HideSolutionNode = FALSE
	EndGlobalSection
	GlobalSection(NestedProjects) = preSolution
		{23776645-E522-4AE1-AF9D-5A1BEA4F4409} = {0643E011-A861-42D4-88D2-2A7E9086BC2D}
		{B1CE1922-4038-4668-93AA-7050E2A42AAD} = {0643E011-A861-42D4-88D2-2A7E9086BC2D}
		{4E911549-93A3-4369-9B8C-E0408D48D39A} = {0643E011-A861-42D4-88D2-2A7E9086BC2D}
		{C747ABCD-308C-4E3F-BE70-CB6B3E0ACCF4} = {23776645-E522-4AE1-AF9D-5A1BEA4F4409}
		{E3FEB9D6-5225-4C78-8CA9-3043FE4409DA} = {4E911549-93A3-4369-9B8C-E0408D48D39A}
		{199CEB60-A464-48D0-BF3E-0905D5CD6390} = {B1CE1922-4038-4668-93AA-7050E2A42AAD}
		{406F42DD-423B-4917-A556-7CFA58653222} = {B1CE1922-4038-4668-93AA-7050E2A42AAD}
		{A8279F0B-4C4F-4771-A3FD-C453A3E5985D} = {4E911549-93A3-4369-9B8C-E0408D48D39A}
		{8C714FF9-A6EC-4513-9BED-22B0A4F6C7EA} = {651CCA7F-9AD8-4C01-8C1C-0BB18CE029F8}
		{79DB1BFD-EE60-46E1-BF87-C6D53AE109A9} = {651CCA7F-9AD8-4C01-8C1C-0BB18CE029F8}
		{AF950836-1FD4-4898-85CF-B7C9A262A721} = {651CCA7F-9AD8-4C01-8C1C-0BB18CE029F8}
		{5F60AA00-DD45-4F79-9F30-4464DEB64DD1} = {8C714FF9-A6EC-4513-9BED-22B0A4F6C7EA}
		{BE15503A-D267-4F6A-89EB-B1EB53AC51CB} = {79DB1BFD-EE60-46E1-BF87-C6D53AE109A9}
		{70658E0D-436F-4424-854C-9A4273749275} = {79DB1BFD-EE60-46E1-BF87-C6D53AE109A9}
		{F9A02B3E-B66C-415A-B93B-75BA322A6F5C} = {AF950836-1FD4-4898-85CF-B7C9A262A721}
		{223ACB00-CD36-4C33-8496-08031EB92A77} = {AF950836-1FD4-4898-85CF-B7C9A262A721}
		{2E7B4895-069C-41D7-960B-8F2B22A68782} = {485AFAFD-8AC2-490B-BBC1-85C9DAEC7BBA}
		{A4060A0F-6AE0-4086-B2FE-C1A1A5CB32AB} = {485AFAFD-8AC2-490B-BBC1-85C9DAEC7BBA}
		{0CA0E766-45FD-4760-80CD-E832738B674C} = {485AFAFD-8AC2-490B-BBC1-85C9DAEC7BBA}
		{5C652767-8F57-40F2-A650-18E16D05AD6D} = {2E7B4895-069C-41D7-960B-8F2B22A68782}
		{09C2A2DC-52A9-4D0B-B6A0-A79B8797BE7E} = {A4060A0F-6AE0-4086-B2FE-C1A1A5CB32AB}
		{966421E1-9034-4420-B828-75F6EB88C47C} = {A4060A0F-6AE0-4086-B2FE-C1A1A5CB32AB}
		{E02A2589-04FF-480D-BB13-A30C1145F7E0} = {0CA0E766-45FD-4760-80CD-E832738B674C}
		{AB785759-3AB4-452D-94C4-5D45D61C8B11} = {0CA0E766-45FD-4760-80CD-E832738B674C}
	EndGlobalSection
	GlobalSection(ExtensibilityGlobals) = postSolution
		SolutionGuid = {162130AC-4EF3-4EB9-A9CA-AA7CF4883644}
	EndGlobalSection
EndGlobal
