
Microsoft Visual Studio Solution File, Format Version 12.00
# Visual Studio Version 17
VisualStudioVersion = 17.2.32616.157
MinimumVisualStudioVersion = 10.0.40219.1
Project("{2150E333-8FDC-42A3-9474-1A3956D46DE8}") = "ShopManagement", "ShopManagement", "{0643E011-A861-42D4-88D2-2A7E9086BC2D}"
EndProject
Project("{2150E333-8FDC-42A3-9474-1A3956D46DE8}") = "SM.Domain", "SM.Domain", "{23776645-E522-4AE1-AF9D-5A1BEA4F4409}"
EndProject
Project("{2150E333-8FDC-42A3-9474-1A3956D46DE8}") = "SM.Application", "SM.Application", "{B1CE1922-4038-4668-93AA-7050E2A42AAD}"
EndProject
Project("{2150E333-8FDC-42A3-9474-1A3956D46DE8}") = "SM.Infrastructure", "SM.Infrastructure", "{4E911549-93A3-4369-9B8C-E0408D48D39A}"
EndProject
Project("{9A19103F-16F7-4668-BE54-9A1E7A4F7556}") = "ShopManagement.Domain", "ShopManagement.Domain\ShopManagement.Domain.csproj", "{C747ABCD-308C-4E3F-BE70-CB6B3E0ACCF4}"
EndProject
Project("{9A19103F-16F7-4668-BE54-9A1E7A4F7556}") = "0_Framework", "0_Framework\0_Framework.csproj", "{91436A73-8F9A-4F6D-83BD-7BEDB2C6CA8E}"
EndProject
Project("{9A19103F-16F7-4668-BE54-9A1E7A4F7556}") = "ShopManagement.Infrastructure.EFCore", "ShopManagement.Infrastructure.EFCore\ShopManagement.Infrastructure.EFCore.csproj", "{E3FEB9D6-5225-4C78-8CA9-3043FE4409DA}"
EndProject
Project("{9A19103F-16F7-4668-BE54-9A1E7A4F7556}") = "ShopManagement.Application.Contracts", "ShopManagement.Application.Contracts\ShopManagement.Application.Contracts.csproj", "{199CEB60-A464-48D0-BF3E-0905D5CD6390}"
EndProject
Project("{9A19103F-16F7-4668-BE54-9A1E7A4F7556}") = "ShopManagement.Application", "ShopManagement.Application\ShopManagement.Application.csproj", "{406F42DD-423B-4917-A556-7CFA58653222}"
EndProject
Project("{9A19103F-16F7-4668-BE54-9A1E7A4F7556}") = "ServiceHost", "ServiceHost\ServiceHost.csproj", "{14523E66-8ADD-4F82-810F-D76EF47A2932}"
EndProject
Project("{9A19103F-16F7-4668-BE54-9A1E7A4F7556}") = "ShopManagement.Infrastructure.Configuration", "ShopManagement.Infrastructure.Configuration\ShopManagement.Infrastructure.Configuration.csproj", "{A8279F0B-4C4F-4771-A3FD-C453A3E5985D}"
EndProject
Project("{2150E333-8FDC-42A3-9474-1A3956D46DE8}") = "DiscountManagement", "DiscountManagement", "{651CCA7F-9AD8-4C01-8C1C-0BB18CE029F8}"
EndProject
Project("{2150E333-8FDC-42A3-9474-1A3956D46DE8}") = "DM.Domain", "DM.Domain", "{8C714FF9-A6EC-4513-9BED-22B0A4F6C7EA}"
EndProject
Project("{2150E333-8FDC-42A3-9474-1A3956D46DE8}") = "DM.Application", "DM.Application", "{79DB1BFD-EE60-46E1-BF87-C6D53AE109A9}"
EndProject
Project("{2150E333-8FDC-42A3-9474-1A3956D46DE8}") = "DM.Infrastructure", "DM.Infrastructure", "{AF950836-1FD4-4898-85CF-B7C9A262A721}"
EndProject
Project("{9A19103F-16F7-4668-BE54-9A1E7A4F7556}") = "DiscountManagement.Domain", "DiscountManagement.Domain\DiscountManagement.Domain.csproj", "{5F60AA00-DD45-4F79-9F30-4464DEB64DD1}"
EndProject
Project("{9A19103F-16F7-4668-BE54-9A1E7A4F7556}") = "DiscountManagement.Application", "DiscountManagement.Application\DiscountManagement.Application.csproj", "{BE15503A-D267-4F6A-89EB-B1EB53AC51CB}"
EndProject
Project("{9A19103F-16F7-4668-BE54-9A1E7A4F7556}") = "DiscountManagement.Application.Contracts", "DiscountManagement.Application.Contracts\DiscountManagement.Application.Contracts.csproj", "{70658E0D-436F-4424-854C-9A4273749275}"
EndProject
Project("{9A19103F-16F7-4668-BE54-9A1E7A4F7556}") = "DiscountManagement.Infrastructure.EFCore", "DiscountManagement.Infrastructure.EFCore\DiscountManagement.Infrastructure.EFCore.csproj", "{F9A02B3E-B66C-415A-B93B-75BA322A6F5C}"
EndProject
Project("{9A19103F-16F7-4668-BE54-9A1E7A4F7556}") = "DiscountManagement.Infrastructure.Configuration", "DiscountManagement.Infrastructure.Configuration\DiscountManagement.Infrastructure.Configuration.csproj", "{223ACB00-CD36-4C33-8496-08031EB92A77}"
EndProject
Project("{2150E333-8FDC-42A3-9474-1A3956D46DE8}") = "InventoryManagement", "InventoryManagement", "{485AFAFD-8AC2-490B-BBC1-85C9DAEC7BBA}"
EndProject
Project("{2150E333-8FDC-42A3-9474-1A3956D46DE8}") = "IM.Domain", "IM.Domain", "{2E7B4895-069C-41D7-960B-8F2B22A68782}"
EndProject
Project("{2150E333-8FDC-42A3-9474-1A3956D46DE8}") = "IM.Application", "IM.Application", "{A4060A0F-6AE0-4086-B2FE-C1A1A5CB32AB}"
EndProject
Project("{2150E333-8FDC-42A3-9474-1A3956D46DE8}") = "IM.Infrastructure", "IM.Infrastructure", "{0CA0E766-45FD-4760-80CD-E832738B674C}"
EndProject
Project("{9A19103F-16F7-4668-BE54-9A1E7A4F7556}") = "InventoryManagement.Domain", "InventoryManagement.Domain\InventoryManagement.Domain.csproj", "{5C652767-8F57-40F2-A650-18E16D05AD6D}"
EndProject
Project("{9A19103F-16F7-4668-BE54-9A1E7A4F7556}") = "InventoryManagement.Application", "InventoryManagement.Application\InventoryManagement.Application.csproj", "{09C2A2DC-52A9-4D0B-B6A0-A79B8797BE7E}"
EndProject
Project("{9A19103F-16F7-4668-BE54-9A1E7A4F7556}") = "InventoryManagement.Application.Contracts", "InventoryManagement.Application.Contracts\InventoryManagement.Application.Contracts.csproj", "{966421E1-9034-4420-B828-75F6EB88C47C}"
EndProject
Project("{9A19103F-16F7-4668-BE54-9A1E7A4F7556}") = "InventoryManagement.Infrastructure.EFCore", "InventoryManagement.Infrastructure.EFCore\InventoryManagement.Infrastructure.EFCore.csproj", "{E02A2589-04FF-480D-BB13-A30C1145F7E0}"
EndProject
Project("{9A19103F-16F7-4668-BE54-9A1E7A4F7556}") = "InventoryManagement.Infrastructure.Configuration", "InventoryManagement.Infrastructure.Configuration\InventoryManagement.Infrastructure.Configuration.csproj", "{AB785759-3AB4-452D-94C4-5D45D61C8B11}"
EndProject
Project("{2150E333-8FDC-42A3-9474-1A3956D46DE8}") = "CommentManagement", "CommentManagement", "{E455066F-B188-4818-B600-233424BC481B}"
EndProject
Project("{2150E333-8FDC-42A3-9474-1A3956D46DE8}") = "CM.Domain", "CM.Domain", "{5495E31E-646A-4E5C-8FE8-B593FB93A7C9}"
EndProject
Project("{2150E333-8FDC-42A3-9474-1A3956D46DE8}") = "CM.Application", "CM.Application", "{BA76E7C8-A18A-4863-A50E-766DC8EBC51F}"
EndProject
Project("{2150E333-8FDC-42A3-9474-1A3956D46DE8}") = "CM.Infrastructure", "CM.Infrastructure", "{2BA91297-22D8-4BF1-9C2F-9C6F50A7C739}"
EndProject
Project("{9A19103F-16F7-4668-BE54-9A1E7A4F7556}") = "CommentManagement.Domain", "CommentManagement.Domain\CommentManagement.Domain.csproj", "{A67D189D-D417-4F13-A340-D022CF031002}"
EndProject
Project("{9A19103F-16F7-4668-BE54-9A1E7A4F7556}") = "CommentManagement.Application", "CommentManagement.Application\CommentManagement.Application.csproj", "{14B55066-1218-4545-917C-796D05D7E9D3}"
EndProject
Project("{9A19103F-16F7-4668-BE54-9A1E7A4F7556}") = "CommentManagement.Application.Contracts", "CommentManagement.Application.Contracts\CommentManagement.Application.Contracts.csproj", "{655677F0-F7FB-47B5-9A45-BEBDDAB86C6B}"
EndProject
Project("{9A19103F-16F7-4668-BE54-9A1E7A4F7556}") = "CommentManagement.Infrastructure.EFCore", "CommentManagement.Infrastructure.EFCore\CommentManagement.Infrastructure.EFCore.csproj", "{592ABFB1-4E5D-47C6-8208-2CEDAC74EF67}"
EndProject
Project("{9A19103F-16F7-4668-BE54-9A1E7A4F7556}") = "CommentManagement.Infrastructure.Configuration", "CommentManagement.Infrastructure.Configuration\CommentManagement.Infrastructure.Configuration.csproj", "{97336682-2B9F-4FC9-B0A4-59D50AAE26A1}"
EndProject
Project("{2150E333-8FDC-42A3-9474-1A3956D46DE8}") = "BlogManagement", "BlogManagement", "{C0E3EA02-74DD-443A-8F21-033B9B05931D}"
EndProject
Project("{2150E333-8FDC-42A3-9474-1A3956D46DE8}") = "BM.Domain", "BM.Domain", "{316C6383-8957-46A4-A533-E4401D540A2B}"
EndProject
Project("{2150E333-8FDC-42A3-9474-1A3956D46DE8}") = "BM.Application", "BM.Application", "{B521A530-B629-49A7-91C9-B333D7396495}"
EndProject
Project("{2150E333-8FDC-42A3-9474-1A3956D46DE8}") = "BM.Infrastructure", "BM.Infrastructure", "{CC9AF2AA-F170-49A7-B5EB-C4BA26A44890}"
EndProject
Project("{9A19103F-16F7-4668-BE54-9A1E7A4F7556}") = "BlogManagement.Domain", "BlogManagement.Domain\BlogManagement.Domain.csproj", "{B2BDD504-987D-4C7F-AEAF-C3A0B90A04B9}"
EndProject
Project("{9A19103F-16F7-4668-BE54-9A1E7A4F7556}") = "BlogManagement.Application", "BlogManagement.Application\BlogManagement.Application.csproj", "{F51A3ECE-BE4E-4050-98B2-BBFDC04F4042}"
EndProject
Project("{9A19103F-16F7-4668-BE54-9A1E7A4F7556}") = "BlogManagement.Application.Contracts", "BlogManagement.Application.Contracts\BlogManagement.Application.Contracts.csproj", "{7A902E69-7574-4E79-A0F9-A3D7D5AFFC3A}"
EndProject
Project("{9A19103F-16F7-4668-BE54-9A1E7A4F7556}") = "BlogManagement.Infrastructure.EFCore", "BlogManagement.Infrastructure.EFCore\BlogManagement.Infrastructure.EFCore.csproj", "{A36210C0-2B26-41C3-8F02-560EB66490B1}"
EndProject
Project("{9A19103F-16F7-4668-BE54-9A1E7A4F7556}") = "BlogManagement.Infrastructure.Configuration", "BlogManagement.Infrastructure.Configuration\BlogManagement.Infrastructure.Configuration.csproj", "{B4BD0179-45E5-49E2-B82C-77E5EB329BBA}"
EndProject
Project("{2150E333-8FDC-42A3-9474-1A3956D46DE8}") = "AccountManagement", "AccountManagement", "{08A26BA2-24C3-4CA1-864B-8C40EF5DC030}"
EndProject
Project("{2150E333-8FDC-42A3-9474-1A3956D46DE8}") = "AM.Domain", "AM.Domain", "{C036629B-1E94-4862-945F-3E66F6E33B50}"
EndProject
Project("{2150E333-8FDC-42A3-9474-1A3956D46DE8}") = "AM.Application", "AM.Application", "{0C6FF387-0ABC-4F79-BA8D-3FAAC76985B8}"
EndProject
Project("{2150E333-8FDC-42A3-9474-1A3956D46DE8}") = "AM.Infrastructure", "AM.Infrastructure", "{54AEC6BF-EDDA-4095-8E86-B6765E2496F0}"
EndProject
Project("{FAE04EC0-301F-11D3-BF4B-00C04F79EFBC}") = "AccountManagement.Domain", "AccountManagement.Domain\AccountManagement.Domain.csproj", "{111EC779-1D03-4090-BF95-46E43720C307}"
EndProject
Project("{FAE04EC0-301F-11D3-BF4B-00C04F79EFBC}") = "AccountManagement.Application", "AccountManagement.Application\AccountManagement.Application.csproj", "{4764C5CC-CC61-4BE6-9D49-F87A94462FE5}"
EndProject
Project("{FAE04EC0-301F-11D3-BF4B-00C04F79EFBC}") = "AccountManagement.Application.Contracts", "AccountManagement.Application.Contracts\AccountManagement.Application.Contracts.csproj", "{005F58AF-6EDA-4BD5-B4A5-452108806402}"
EndProject
Project("{FAE04EC0-301F-11D3-BF4B-00C04F79EFBC}") = "AccountManagement.Infrastructure.EFCore", "AccountManagement.Infrastructure.EFCore\AccountManagement.Infrastructure.EFCore.csproj", "{B806EE63-9E06-4A62-8E2B-FB2B9DE874B2}"
EndProject
Project("{FAE04EC0-301F-11D3-BF4B-00C04F79EFBC}") = "AccountManagement.Infrastructure.Configuration", "AccountManagement.Infrastructure.Configuration\AccountManagement.Infrastructure.Configuration.csproj", "{33C69E89-A1B4-4D6E-9132-E02774033D60}"
EndProject
Global
	GlobalSection(SolutionConfigurationPlatforms) = preSolution
		Debug|Any CPU = Debug|Any CPU
		Release|Any CPU = Release|Any CPU
	EndGlobalSection
	GlobalSection(ProjectConfigurationPlatforms) = postSolution
		{C747ABCD-308C-4E3F-BE70-CB6B3E0ACCF4}.Debug|Any CPU.ActiveCfg = Debug|Any CPU
		{C747ABCD-308C-4E3F-BE70-CB6B3E0ACCF4}.Debug|Any CPU.Build.0 = Debug|Any CPU
		{C747ABCD-308C-4E3F-BE70-CB6B3E0ACCF4}.Release|Any CPU.ActiveCfg = Release|Any CPU
		{C747ABCD-308C-4E3F-BE70-CB6B3E0ACCF4}.Release|Any CPU.Build.0 = Release|Any CPU
		{91436A73-8F9A-4F6D-83BD-7BEDB2C6CA8E}.Debug|Any CPU.ActiveCfg = Debug|Any CPU
		{91436A73-8F9A-4F6D-83BD-7BEDB2C6CA8E}.Debug|Any CPU.Build.0 = Debug|Any CPU
		{91436A73-8F9A-4F6D-83BD-7BEDB2C6CA8E}.Release|Any CPU.ActiveCfg = Release|Any CPU
		{91436A73-8F9A-4F6D-83BD-7BEDB2C6CA8E}.Release|Any CPU.Build.0 = Release|Any CPU
		{E3FEB9D6-5225-4C78-8CA9-3043FE4409DA}.Debug|Any CPU.ActiveCfg = Debug|Any CPU
		{E3FEB9D6-5225-4C78-8CA9-3043FE4409DA}.Debug|Any CPU.Build.0 = Debug|Any CPU
		{E3FEB9D6-5225-4C78-8CA9-3043FE4409DA}.Release|Any CPU.ActiveCfg = Release|Any CPU
		{E3FEB9D6-5225-4C78-8CA9-3043FE4409DA}.Release|Any CPU.Build.0 = Release|Any CPU
		{199CEB60-A464-48D0-BF3E-0905D5CD6390}.Debug|Any CPU.ActiveCfg = Debug|Any CPU
		{199CEB60-A464-48D0-BF3E-0905D5CD6390}.Debug|Any CPU.Build.0 = Debug|Any CPU
		{199CEB60-A464-48D0-BF3E-0905D5CD6390}.Release|Any CPU.ActiveCfg = Release|Any CPU
		{199CEB60-A464-48D0-BF3E-0905D5CD6390}.Release|Any CPU.Build.0 = Release|Any CPU
		{406F42DD-423B-4917-A556-7CFA58653222}.Debug|Any CPU.ActiveCfg = Debug|Any CPU
		{406F42DD-423B-4917-A556-7CFA58653222}.Debug|Any CPU.Build.0 = Debug|Any CPU
		{406F42DD-423B-4917-A556-7CFA58653222}.Release|Any CPU.ActiveCfg = Release|Any CPU
		{406F42DD-423B-4917-A556-7CFA58653222}.Release|Any CPU.Build.0 = Release|Any CPU
		{14523E66-8ADD-4F82-810F-D76EF47A2932}.Debug|Any CPU.ActiveCfg = Debug|Any CPU
		{14523E66-8ADD-4F82-810F-D76EF47A2932}.Debug|Any CPU.Build.0 = Debug|Any CPU
		{14523E66-8ADD-4F82-810F-D76EF47A2932}.Release|Any CPU.ActiveCfg = Release|Any CPU
		{14523E66-8ADD-4F82-810F-D76EF47A2932}.Release|Any CPU.Build.0 = Release|Any CPU
		{A8279F0B-4C4F-4771-A3FD-C453A3E5985D}.Debug|Any CPU.ActiveCfg = Debug|Any CPU
		{A8279F0B-4C4F-4771-A3FD-C453A3E5985D}.Debug|Any CPU.Build.0 = Debug|Any CPU
		{A8279F0B-4C4F-4771-A3FD-C453A3E5985D}.Release|Any CPU.ActiveCfg = Release|Any CPU
		{A8279F0B-4C4F-4771-A3FD-C453A3E5985D}.Release|Any CPU.Build.0 = Release|Any CPU
		{5F60AA00-DD45-4F79-9F30-4464DEB64DD1}.Debug|Any CPU.ActiveCfg = Debug|Any CPU
		{5F60AA00-DD45-4F79-9F30-4464DEB64DD1}.Debug|Any CPU.Build.0 = Debug|Any CPU
		{5F60AA00-DD45-4F79-9F30-4464DEB64DD1}.Release|Any CPU.ActiveCfg = Release|Any CPU
		{5F60AA00-DD45-4F79-9F30-4464DEB64DD1}.Release|Any CPU.Build.0 = Release|Any CPU
		{BE15503A-D267-4F6A-89EB-B1EB53AC51CB}.Debug|Any CPU.ActiveCfg = Debug|Any CPU
		{BE15503A-D267-4F6A-89EB-B1EB53AC51CB}.Debug|Any CPU.Build.0 = Debug|Any CPU
		{BE15503A-D267-4F6A-89EB-B1EB53AC51CB}.Release|Any CPU.ActiveCfg = Release|Any CPU
		{BE15503A-D267-4F6A-89EB-B1EB53AC51CB}.Release|Any CPU.Build.0 = Release|Any CPU
		{70658E0D-436F-4424-854C-9A4273749275}.Debug|Any CPU.ActiveCfg = Debug|Any CPU
		{70658E0D-436F-4424-854C-9A4273749275}.Debug|Any CPU.Build.0 = Debug|Any CPU
		{70658E0D-436F-4424-854C-9A4273749275}.Release|Any CPU.ActiveCfg = Release|Any CPU
		{70658E0D-436F-4424-854C-9A4273749275}.Release|Any CPU.Build.0 = Release|Any CPU
		{F9A02B3E-B66C-415A-B93B-75BA322A6F5C}.Debug|Any CPU.ActiveCfg = Debug|Any CPU
		{F9A02B3E-B66C-415A-B93B-75BA322A6F5C}.Debug|Any CPU.Build.0 = Debug|Any CPU
		{F9A02B3E-B66C-415A-B93B-75BA322A6F5C}.Release|Any CPU.ActiveCfg = Release|Any CPU
		{F9A02B3E-B66C-415A-B93B-75BA322A6F5C}.Release|Any CPU.Build.0 = Release|Any CPU
		{223ACB00-CD36-4C33-8496-08031EB92A77}.Debug|Any CPU.ActiveCfg = Debug|Any CPU
		{223ACB00-CD36-4C33-8496-08031EB92A77}.Debug|Any CPU.Build.0 = Debug|Any CPU
		{223ACB00-CD36-4C33-8496-08031EB92A77}.Release|Any CPU.ActiveCfg = Release|Any CPU
		{223ACB00-CD36-4C33-8496-08031EB92A77}.Release|Any CPU.Build.0 = Release|Any CPU
		{5C652767-8F57-40F2-A650-18E16D05AD6D}.Debug|Any CPU.ActiveCfg = Debug|Any CPU
		{5C652767-8F57-40F2-A650-18E16D05AD6D}.Debug|Any CPU.Build.0 = Debug|Any CPU
		{5C652767-8F57-40F2-A650-18E16D05AD6D}.Release|Any CPU.ActiveCfg = Release|Any CPU
		{5C652767-8F57-40F2-A650-18E16D05AD6D}.Release|Any CPU.Build.0 = Release|Any CPU
		{09C2A2DC-52A9-4D0B-B6A0-A79B8797BE7E}.Debug|Any CPU.ActiveCfg = Debug|Any CPU
		{09C2A2DC-52A9-4D0B-B6A0-A79B8797BE7E}.Debug|Any CPU.Build.0 = Debug|Any CPU
		{09C2A2DC-52A9-4D0B-B6A0-A79B8797BE7E}.Release|Any CPU.ActiveCfg = Release|Any CPU
		{09C2A2DC-52A9-4D0B-B6A0-A79B8797BE7E}.Release|Any CPU.Build.0 = Release|Any CPU
		{966421E1-9034-4420-B828-75F6EB88C47C}.Debug|Any CPU.ActiveCfg = Debug|Any CPU
		{966421E1-9034-4420-B828-75F6EB88C47C}.Debug|Any CPU.Build.0 = Debug|Any CPU
		{966421E1-9034-4420-B828-75F6EB88C47C}.Release|Any CPU.ActiveCfg = Release|Any CPU
		{966421E1-9034-4420-B828-75F6EB88C47C}.Release|Any CPU.Build.0 = Release|Any CPU
		{E02A2589-04FF-480D-BB13-A30C1145F7E0}.Debug|Any CPU.ActiveCfg = Debug|Any CPU
		{E02A2589-04FF-480D-BB13-A30C1145F7E0}.Debug|Any CPU.Build.0 = Debug|Any CPU
		{E02A2589-04FF-480D-BB13-A30C1145F7E0}.Release|Any CPU.ActiveCfg = Release|Any CPU
		{E02A2589-04FF-480D-BB13-A30C1145F7E0}.Release|Any CPU.Build.0 = Release|Any CPU
		{AB785759-3AB4-452D-94C4-5D45D61C8B11}.Debug|Any CPU.ActiveCfg = Debug|Any CPU
		{AB785759-3AB4-452D-94C4-5D45D61C8B11}.Debug|Any CPU.Build.0 = Debug|Any CPU
		{AB785759-3AB4-452D-94C4-5D45D61C8B11}.Release|Any CPU.ActiveCfg = Release|Any CPU
		{AB785759-3AB4-452D-94C4-5D45D61C8B11}.Release|Any CPU.Build.0 = Release|Any CPU
		{A67D189D-D417-4F13-A340-D022CF031002}.Debug|Any CPU.ActiveCfg = Debug|Any CPU
		{A67D189D-D417-4F13-A340-D022CF031002}.Debug|Any CPU.Build.0 = Debug|Any CPU
		{A67D189D-D417-4F13-A340-D022CF031002}.Release|Any CPU.ActiveCfg = Release|Any CPU
		{A67D189D-D417-4F13-A340-D022CF031002}.Release|Any CPU.Build.0 = Release|Any CPU
		{14B55066-1218-4545-917C-796D05D7E9D3}.Debug|Any CPU.ActiveCfg = Debug|Any CPU
		{14B55066-1218-4545-917C-796D05D7E9D3}.Debug|Any CPU.Build.0 = Debug|Any CPU
		{14B55066-1218-4545-917C-796D05D7E9D3}.Release|Any CPU.ActiveCfg = Release|Any CPU
		{14B55066-1218-4545-917C-796D05D7E9D3}.Release|Any CPU.Build.0 = Release|Any CPU
		{655677F0-F7FB-47B5-9A45-BEBDDAB86C6B}.Debug|Any CPU.ActiveCfg = Debug|Any CPU
		{655677F0-F7FB-47B5-9A45-BEBDDAB86C6B}.Debug|Any CPU.Build.0 = Debug|Any CPU
		{655677F0-F7FB-47B5-9A45-BEBDDAB86C6B}.Release|Any CPU.ActiveCfg = Release|Any CPU
		{655677F0-F7FB-47B5-9A45-BEBDDAB86C6B}.Release|Any CPU.Build.0 = Release|Any CPU
		{592ABFB1-4E5D-47C6-8208-2CEDAC74EF67}.Debug|Any CPU.ActiveCfg = Debug|Any CPU
		{592ABFB1-4E5D-47C6-8208-2CEDAC74EF67}.Debug|Any CPU.Build.0 = Debug|Any CPU
		{592ABFB1-4E5D-47C6-8208-2CEDAC74EF67}.Release|Any CPU.ActiveCfg = Release|Any CPU
		{592ABFB1-4E5D-47C6-8208-2CEDAC74EF67}.Release|Any CPU.Build.0 = Release|Any CPU
		{97336682-2B9F-4FC9-B0A4-59D50AAE26A1}.Debug|Any CPU.ActiveCfg = Debug|Any CPU
		{97336682-2B9F-4FC9-B0A4-59D50AAE26A1}.Debug|Any CPU.Build.0 = Debug|Any CPU
		{97336682-2B9F-4FC9-B0A4-59D50AAE26A1}.Release|Any CPU.ActiveCfg = Release|Any CPU
		{97336682-2B9F-4FC9-B0A4-59D50AAE26A1}.Release|Any CPU.Build.0 = Release|Any CPU
		{B2BDD504-987D-4C7F-AEAF-C3A0B90A04B9}.Debug|Any CPU.ActiveCfg = Debug|Any CPU
		{B2BDD504-987D-4C7F-AEAF-C3A0B90A04B9}.Debug|Any CPU.Build.0 = Debug|Any CPU
		{B2BDD504-987D-4C7F-AEAF-C3A0B90A04B9}.Release|Any CPU.ActiveCfg = Release|Any CPU
		{B2BDD504-987D-4C7F-AEAF-C3A0B90A04B9}.Release|Any CPU.Build.0 = Release|Any CPU
		{F51A3ECE-BE4E-4050-98B2-BBFDC04F4042}.Debug|Any CPU.ActiveCfg = Debug|Any CPU
		{F51A3ECE-BE4E-4050-98B2-BBFDC04F4042}.Debug|Any CPU.Build.0 = Debug|Any CPU
		{F51A3ECE-BE4E-4050-98B2-BBFDC04F4042}.Release|Any CPU.ActiveCfg = Release|Any CPU
		{F51A3ECE-BE4E-4050-98B2-BBFDC04F4042}.Release|Any CPU.Build.0 = Release|Any CPU
		{7A902E69-7574-4E79-A0F9-A3D7D5AFFC3A}.Debug|Any CPU.ActiveCfg = Debug|Any CPU
		{7A902E69-7574-4E79-A0F9-A3D7D5AFFC3A}.Debug|Any CPU.Build.0 = Debug|Any CPU
		{7A902E69-7574-4E79-A0F9-A3D7D5AFFC3A}.Release|Any CPU.ActiveCfg = Release|Any CPU
		{7A902E69-7574-4E79-A0F9-A3D7D5AFFC3A}.Release|Any CPU.Build.0 = Release|Any CPU
		{A36210C0-2B26-41C3-8F02-560EB66490B1}.Debug|Any CPU.ActiveCfg = Debug|Any CPU
		{A36210C0-2B26-41C3-8F02-560EB66490B1}.Debug|Any CPU.Build.0 = Debug|Any CPU
		{A36210C0-2B26-41C3-8F02-560EB66490B1}.Release|Any CPU.ActiveCfg = Release|Any CPU
		{A36210C0-2B26-41C3-8F02-560EB66490B1}.Release|Any CPU.Build.0 = Release|Any CPU
		{B4BD0179-45E5-49E2-B82C-77E5EB329BBA}.Debug|Any CPU.ActiveCfg = Debug|Any CPU
		{B4BD0179-45E5-49E2-B82C-77E5EB329BBA}.Debug|Any CPU.Build.0 = Debug|Any CPU
		{B4BD0179-45E5-49E2-B82C-77E5EB329BBA}.Release|Any CPU.ActiveCfg = Release|Any CPU
		{B4BD0179-45E5-49E2-B82C-77E5EB329BBA}.Release|Any CPU.Build.0 = Release|Any CPU
		{111EC779-1D03-4090-BF95-46E43720C307}.Debug|Any CPU.ActiveCfg = Debug|Any CPU
		{111EC779-1D03-4090-BF95-46E43720C307}.Debug|Any CPU.Build.0 = Debug|Any CPU
		{111EC779-1D03-4090-BF95-46E43720C307}.Release|Any CPU.ActiveCfg = Release|Any CPU
		{111EC779-1D03-4090-BF95-46E43720C307}.Release|Any CPU.Build.0 = Release|Any CPU
		{4764C5CC-CC61-4BE6-9D49-F87A94462FE5}.Debug|Any CPU.ActiveCfg = Debug|Any CPU
		{4764C5CC-CC61-4BE6-9D49-F87A94462FE5}.Debug|Any CPU.Build.0 = Debug|Any CPU
		{4764C5CC-CC61-4BE6-9D49-F87A94462FE5}.Release|Any CPU.ActiveCfg = Release|Any CPU
		{4764C5CC-CC61-4BE6-9D49-F87A94462FE5}.Release|Any CPU.Build.0 = Release|Any CPU
		{005F58AF-6EDA-4BD5-B4A5-452108806402}.Debug|Any CPU.ActiveCfg = Debug|Any CPU
		{005F58AF-6EDA-4BD5-B4A5-452108806402}.Debug|Any CPU.Build.0 = Debug|Any CPU
		{005F58AF-6EDA-4BD5-B4A5-452108806402}.Release|Any CPU.ActiveCfg = Release|Any CPU
		{005F58AF-6EDA-4BD5-B4A5-452108806402}.Release|Any CPU.Build.0 = Release|Any CPU
		{B806EE63-9E06-4A62-8E2B-FB2B9DE874B2}.Debug|Any CPU.ActiveCfg = Debug|Any CPU
		{B806EE63-9E06-4A62-8E2B-FB2B9DE874B2}.Debug|Any CPU.Build.0 = Debug|Any CPU
		{B806EE63-9E06-4A62-8E2B-FB2B9DE874B2}.Release|Any CPU.ActiveCfg = Release|Any CPU
		{B806EE63-9E06-4A62-8E2B-FB2B9DE874B2}.Release|Any CPU.Build.0 = Release|Any CPU
		{33C69E89-A1B4-4D6E-9132-E02774033D60}.Debug|Any CPU.ActiveCfg = Debug|Any CPU
		{33C69E89-A1B4-4D6E-9132-E02774033D60}.Debug|Any CPU.Build.0 = Debug|Any CPU
		{33C69E89-A1B4-4D6E-9132-E02774033D60}.Release|Any CPU.ActiveCfg = Release|Any CPU
		{33C69E89-A1B4-4D6E-9132-E02774033D60}.Release|Any CPU.Build.0 = Release|Any CPU
	EndGlobalSection
	GlobalSection(SolutionProperties) = preSolution
		HideSolutionNode = FALSE
	EndGlobalSection
	GlobalSection(NestedProjects) = preSolution
		{23776645-E522-4AE1-AF9D-5A1BEA4F4409} = {0643E011-A861-42D4-88D2-2A7E9086BC2D}
		{B1CE1922-4038-4668-93AA-7050E2A42AAD} = {0643E011-A861-42D4-88D2-2A7E9086BC2D}
		{4E911549-93A3-4369-9B8C-E0408D48D39A} = {0643E011-A861-42D4-88D2-2A7E9086BC2D}
		{C747ABCD-308C-4E3F-BE70-CB6B3E0ACCF4} = {23776645-E522-4AE1-AF9D-5A1BEA4F4409}
		{E3FEB9D6-5225-4C78-8CA9-3043FE4409DA} = {4E911549-93A3-4369-9B8C-E0408D48D39A}
		{199CEB60-A464-48D0-BF3E-0905D5CD6390} = {B1CE1922-4038-4668-93AA-7050E2A42AAD}
		{406F42DD-423B-4917-A556-7CFA58653222} = {B1CE1922-4038-4668-93AA-7050E2A42AAD}
		{A8279F0B-4C4F-4771-A3FD-C453A3E5985D} = {4E911549-93A3-4369-9B8C-E0408D48D39A}
		{8C714FF9-A6EC-4513-9BED-22B0A4F6C7EA} = {651CCA7F-9AD8-4C01-8C1C-0BB18CE029F8}
		{79DB1BFD-EE60-46E1-BF87-C6D53AE109A9} = {651CCA7F-9AD8-4C01-8C1C-0BB18CE029F8}
		{AF950836-1FD4-4898-85CF-B7C9A262A721} = {651CCA7F-9AD8-4C01-8C1C-0BB18CE029F8}
		{5F60AA00-DD45-4F79-9F30-4464DEB64DD1} = {8C714FF9-A6EC-4513-9BED-22B0A4F6C7EA}
		{BE15503A-D267-4F6A-89EB-B1EB53AC51CB} = {79DB1BFD-EE60-46E1-BF87-C6D53AE109A9}
		{70658E0D-436F-4424-854C-9A4273749275} = {79DB1BFD-EE60-46E1-BF87-C6D53AE109A9}
		{F9A02B3E-B66C-415A-B93B-75BA322A6F5C} = {AF950836-1FD4-4898-85CF-B7C9A262A721}
		{223ACB00-CD36-4C33-8496-08031EB92A77} = {AF950836-1FD4-4898-85CF-B7C9A262A721}
		{2E7B4895-069C-41D7-960B-8F2B22A68782} = {485AFAFD-8AC2-490B-BBC1-85C9DAEC7BBA}
		{A4060A0F-6AE0-4086-B2FE-C1A1A5CB32AB} = {485AFAFD-8AC2-490B-BBC1-85C9DAEC7BBA}
		{0CA0E766-45FD-4760-80CD-E832738B674C} = {485AFAFD-8AC2-490B-BBC1-85C9DAEC7BBA}
		{5C652767-8F57-40F2-A650-18E16D05AD6D} = {2E7B4895-069C-41D7-960B-8F2B22A68782}
		{09C2A2DC-52A9-4D0B-B6A0-A79B8797BE7E} = {A4060A0F-6AE0-4086-B2FE-C1A1A5CB32AB}
		{966421E1-9034-4420-B828-75F6EB88C47C} = {A4060A0F-6AE0-4086-B2FE-C1A1A5CB32AB}
		{E02A2589-04FF-480D-BB13-A30C1145F7E0} = {0CA0E766-45FD-4760-80CD-E832738B674C}
		{AB785759-3AB4-452D-94C4-5D45D61C8B11} = {0CA0E766-45FD-4760-80CD-E832738B674C}
		{5495E31E-646A-4E5C-8FE8-B593FB93A7C9} = {E455066F-B188-4818-B600-233424BC481B}
		{BA76E7C8-A18A-4863-A50E-766DC8EBC51F} = {E455066F-B188-4818-B600-233424BC481B}
		{2BA91297-22D8-4BF1-9C2F-9C6F50A7C739} = {E455066F-B188-4818-B600-233424BC481B}
		{A67D189D-D417-4F13-A340-D022CF031002} = {5495E31E-646A-4E5C-8FE8-B593FB93A7C9}
		{14B55066-1218-4545-917C-796D05D7E9D3} = {BA76E7C8-A18A-4863-A50E-766DC8EBC51F}
		{655677F0-F7FB-47B5-9A45-BEBDDAB86C6B} = {BA76E7C8-A18A-4863-A50E-766DC8EBC51F}
		{592ABFB1-4E5D-47C6-8208-2CEDAC74EF67} = {2BA91297-22D8-4BF1-9C2F-9C6F50A7C739}
		{97336682-2B9F-4FC9-B0A4-59D50AAE26A1} = {2BA91297-22D8-4BF1-9C2F-9C6F50A7C739}
		{316C6383-8957-46A4-A533-E4401D540A2B} = {C0E3EA02-74DD-443A-8F21-033B9B05931D}
		{B521A530-B629-49A7-91C9-B333D7396495} = {C0E3EA02-74DD-443A-8F21-033B9B05931D}
		{CC9AF2AA-F170-49A7-B5EB-C4BA26A44890} = {C0E3EA02-74DD-443A-8F21-033B9B05931D}
		{B2BDD504-987D-4C7F-AEAF-C3A0B90A04B9} = {316C6383-8957-46A4-A533-E4401D540A2B}
		{F51A3ECE-BE4E-4050-98B2-BBFDC04F4042} = {B521A530-B629-49A7-91C9-B333D7396495}
		{7A902E69-7574-4E79-A0F9-A3D7D5AFFC3A} = {B521A530-B629-49A7-91C9-B333D7396495}
		{A36210C0-2B26-41C3-8F02-560EB66490B1} = {CC9AF2AA-F170-49A7-B5EB-C4BA26A44890}
		{B4BD0179-45E5-49E2-B82C-77E5EB329BBA} = {CC9AF2AA-F170-49A7-B5EB-C4BA26A44890}
		{C036629B-1E94-4862-945F-3E66F6E33B50} = {08A26BA2-24C3-4CA1-864B-8C40EF5DC030}
		{0C6FF387-0ABC-4F79-BA8D-3FAAC76985B8} = {08A26BA2-24C3-4CA1-864B-8C40EF5DC030}
		{54AEC6BF-EDDA-4095-8E86-B6765E2496F0} = {08A26BA2-24C3-4CA1-864B-8C40EF5DC030}
		{111EC779-1D03-4090-BF95-46E43720C307} = {C036629B-1E94-4862-945F-3E66F6E33B50}
		{4764C5CC-CC61-4BE6-9D49-F87A94462FE5} = {0C6FF387-0ABC-4F79-BA8D-3FAAC76985B8}
		{005F58AF-6EDA-4BD5-B4A5-452108806402} = {0C6FF387-0ABC-4F79-BA8D-3FAAC76985B8}
		{B806EE63-9E06-4A62-8E2B-FB2B9DE874B2} = {54AEC6BF-EDDA-4095-8E86-B6765E2496F0}
		{33C69E89-A1B4-4D6E-9132-E02774033D60} = {54AEC6BF-EDDA-4095-8E86-B6765E2496F0}
	EndGlobalSection
	GlobalSection(ExtensibilityGlobals) = postSolution
		SolutionGuid = {162130AC-4EF3-4EB9-A9CA-AA7CF4883644}
	EndGlobalSection
EndGlobal
